{
  "name": "keyboards",
  "version": "1.0.0",
  "lockfileVersion": 3,
  "requires": true,
  "packages": {
    "": {
      "name": "keyboards",
      "version": "1.0.0",
      "license": "MIT",
      "dependencies": {
        "@keymanapp/kmc": "17.0.333"
      }
    },
    "node_modules/@keymanapp/common-types": {
      "version": "17.0.333",
      "resolved": "https://registry.npmjs.org/@keymanapp/common-types/-/common-types-17.0.333.tgz",
      "integrity": "sha512-fxuA70Hv5Tm4pVTdkLh/BwwU9jGwhhu6pvVSDavdY/GDrlfl9O2GigPkvNZ1aFBy8UTwdpKeBbNNf7E0IqtICg==",
      "license": "MIT",
      "dependencies": {
        "@keymanapp/keyman-version": "17.0.333",
        "@keymanapp/ldml-keyboard-constants": "17.0.333",
        "restructure": "git+https://github.com/keymanapp/dependency-restructure.git#7a188a1e26f8f36a175d95b67ffece8702363dfc",
        "semver": "^7.5.2",
        "xml2js": "git+https://github.com/keymanapp/dependency-node-xml2js.git#535fe732dc408d697e0f847c944cc45f0baf0829"
      }
    },
    "node_modules/@keymanapp/developer-utils": {
      "version": "17.0.333",
      "resolved": "https://registry.npmjs.org/@keymanapp/developer-utils/-/developer-utils-17.0.333.tgz",
      "integrity": "sha512-CPALyakB9Lf/3O+dBULVe8MPKmyfYzMR7XzqjVwNAisztA3k4bAEG8Nm9DFLsgy1GC4fkr8y88w+Hb9mcXJOVA==",
      "license": "MIT",
      "dependencies": {
        "@sentry/node": "^7.57.0"
      }
    },
    "node_modules/@keymanapp/keyman-version": {
      "version": "17.0.333",
      "resolved": "https://registry.npmjs.org/@keymanapp/keyman-version/-/keyman-version-17.0.333.tgz",
      "integrity": "sha512-biAc8exUnbw9vFwBci6QskWvQ2H9QI+i6dx8YF6MnNtqiRl5KXtOLr8C1Teqjbp4LfhHZrDlebk7HGsn6LcE9A==",
      "license": "MIT"
    },
    "node_modules/@keymanapp/kmc": {
      "version": "17.0.333",
      "resolved": "https://registry.npmjs.org/@keymanapp/kmc/-/kmc-17.0.333.tgz",
      "integrity": "sha512-k4/XeXJCzsqhTCkO/AG01sLK4ET7YLFXqLG+SFkYGL9QUBguFf0X4Xt5NKQeQN4l9NdpgChT+lUtS4mGiVYh9g==",
      "license": "MIT",
      "dependencies": {
        "@keymanapp/common-types": "17.0.333",
        "@keymanapp/developer-utils": "17.0.333",
        "@keymanapp/keyman-version": "17.0.333",
        "@keymanapp/kmc-analyze": "17.0.333",
        "@keymanapp/kmc-keyboard-info": "17.0.333",
        "@keymanapp/kmc-kmn": "17.0.333",
        "@keymanapp/kmc-ldml": "17.0.333",
        "@keymanapp/kmc-model": "17.0.333",
        "@keymanapp/kmc-model-info": "17.0.333",
        "@keymanapp/kmc-package": "17.0.333",
        "@keymanapp/models-types": "17.0.333",
        "@sentry/node": "^7.57.0",
        "chalk": "^2.4.2",
        "commander": "^10.0.0",
        "supports-color": "^9.4.0"
      },
      "bin": {
        "kmc": "build/src/kmc.js",
        "kmlmc": "build/src/kmlmc.js",
        "kmlmp": "build/src/kmlmp.js"
      }
    },
    "node_modules/@keymanapp/kmc-analyze": {
      "version": "17.0.333",
      "resolved": "https://registry.npmjs.org/@keymanapp/kmc-analyze/-/kmc-analyze-17.0.333.tgz",
      "integrity": "sha512-W2GkAk85iv6kt4Ik5XwXanHw0TG9GmjYyBbWBuDYht2LjZAId5QaoOCB7cwJ4v9TFmB94wjISlOBZhvI20kLlg==",
      "license": "MIT",
      "dependencies": {
        "@keymanapp/common-types": "17.0.333",
        "@keymanapp/developer-utils": "17.0.333",
        "@keymanapp/kmc-kmn": "17.0.333"
      }
    },
    "node_modules/@keymanapp/kmc-keyboard-info": {
      "version": "17.0.333",
      "resolved": "https://registry.npmjs.org/@keymanapp/kmc-keyboard-info/-/kmc-keyboard-info-17.0.333.tgz",
      "integrity": "sha512-VzG54KUpAjNdFsuVSrytdZDh1P1TpyOaep6JW16jAI3P6Vu6dAhyrfxxKU7jaal8PxaNhC6LKLYH+NNJ4gt7gA==",
      "license": "MIT",
      "dependencies": {
        "@keymanapp/common-types": "17.0.333",
        "@keymanapp/developer-utils": "17.0.333",
        "@keymanapp/kmc-package": "17.0.333"
      }
    },
    "node_modules/@keymanapp/kmc-kmn": {
      "version": "17.0.333",
      "resolved": "https://registry.npmjs.org/@keymanapp/kmc-kmn/-/kmc-kmn-17.0.333.tgz",
      "integrity": "sha512-Kz8urB0NB/+gGzirUJ4X2UQLRXJeSnjaEKwBI8gIMYtihA8YR6BZdcbTlLs4AVskZHCr+OSs3U81fxkhUXCm7A==",
      "license": "MIT",
      "dependencies": {
        "@keymanapp/developer-utils": "17.0.333",
        "@keymanapp/keyman-version": "17.0.333",
        "@keymanapp/kmc-kmn": "17.0.333"
      }
    },
    "node_modules/@keymanapp/kmc-ldml": {
      "version": "17.0.333",
      "resolved": "https://registry.npmjs.org/@keymanapp/kmc-ldml/-/kmc-ldml-17.0.333.tgz",
      "integrity": "sha512-6cW0AIt2iS/At5HG7IYxbaJ5+smn3uT82ofk6hRVrDt2QODjgllg4L0oB5QsBLE0HJns4HYxaYwAsKWZbJriSQ==",
      "license": "MIT",
      "dependencies": {
        "@keymanapp/keyman-version": "17.0.333",
        "@keymanapp/kmc-kmn": "17.0.333",
        "@keymanapp/ldml-keyboard-constants": "17.0.333",
        "restructure": "git+https://github.com/keymanapp/dependency-restructure.git#7a188a1e26f8f36a175d95b67ffece8702363dfc",
        "semver": "^7.5.2"
      }
    },
    "node_modules/@keymanapp/kmc-model": {
      "version": "17.0.333",
      "resolved": "https://registry.npmjs.org/@keymanapp/kmc-model/-/kmc-model-17.0.333.tgz",
      "integrity": "sha512-U32sDtZys7NToi8fz3HV6PTq7mQy2gRPj1wwi+0OlrLiUOXEKnA2rcaj00R4x9BDP6Ze/dsleNAYEQXFr62tog==",
      "license": "MIT",
      "dependencies": {
        "@keymanapp/common-types": "17.0.333",
        "@keymanapp/keyman-version": "17.0.333",
        "@keymanapp/models-types": "17.0.333",
        "typescript": "^4.9.5"
      }
    },
    "node_modules/@keymanapp/kmc-model-info": {
      "version": "17.0.333",
      "resolved": "https://registry.npmjs.org/@keymanapp/kmc-model-info/-/kmc-model-info-17.0.333.tgz",
      "integrity": "sha512-YLgQr4zw02y92gOSHwkIIlJUbilov+zLh8glSf8Wt7d7gZsq/dLGeVBziCq3hIpnZiTd+VNFhQSKwla+DlEnhQ==",
      "license": "MIT",
      "dependencies": {
        "@keymanapp/common-types": "17.0.333",
        "@keymanapp/developer-utils": "17.0.333",
        "@keymanapp/models-types": "17.0.333"
      }
    },
    "node_modules/@keymanapp/kmc-package": {
      "version": "17.0.333",
      "resolved": "https://registry.npmjs.org/@keymanapp/kmc-package/-/kmc-package-17.0.333.tgz",
      "integrity": "sha512-Br4Pkro5JsAIVbuY6ugw3Wg7oYpxVqQlRa0PUlbzlhmf6+nH0Nwwd24zTaszpWcjLmf0vRwLJtAGBS5oAjptMw==",
      "license": "MIT",
      "dependencies": {
        "@keymanapp/common-types": "17.0.333",
        "jszip": "^3.7.0",
        "marked": "^7.0.0",
        "xml2js": "git+https://github.com/keymanapp/dependency-node-xml2js.git#535fe732dc408d697e0f847c944cc45f0baf0829"
      }
    },
    "node_modules/@keymanapp/ldml-keyboard-constants": {
      "version": "17.0.333",
      "resolved": "https://registry.npmjs.org/@keymanapp/ldml-keyboard-constants/-/ldml-keyboard-constants-17.0.333.tgz",
      "integrity": "sha512-hLiOd6UhRcPI2NcTxtDfo5bJCGaMIhQrbdKrsWwPGa2D6eMPuaskM7lbfGTIrli732hFcnVaR3S7+ope31uoVQ==",
      "license": "MIT"
    },
    "node_modules/@keymanapp/models-types": {
      "version": "17.0.333",
      "resolved": "https://registry.npmjs.org/@keymanapp/models-types/-/models-types-17.0.333.tgz",
      "integrity": "sha512-75tRN64UdqH78Q2L0yougin6uNs4BAa3Oxfcw3+qjVSGp58SPG9eq+PO9AImsz4t6GOBMGVpiw9GSK+iU/SkZA==",
      "license": "MIT"
    },
    "node_modules/@sentry-internal/tracing": {
      "version": "7.120.3",
      "resolved": "https://registry.npmjs.org/@sentry-internal/tracing/-/tracing-7.120.3.tgz",
      "integrity": "sha512-Ausx+Jw1pAMbIBHStoQ6ZqDZR60PsCByvHdw/jdH9AqPrNE9xlBSf9EwcycvmrzwyKspSLaB52grlje2cRIUMg==",
      "license": "MIT",
      "dependencies": {
        "@sentry/core": "7.120.3",
        "@sentry/types": "7.120.3",
        "@sentry/utils": "7.120.3"
      },
      "engines": {
        "node": ">=8"
      }
    },
    "node_modules/@sentry/core": {
      "version": "7.120.3",
      "resolved": "https://registry.npmjs.org/@sentry/core/-/core-7.120.3.tgz",
      "integrity": "sha512-vyy11fCGpkGK3qI5DSXOjgIboBZTriw0YDx/0KyX5CjIjDDNgp5AGgpgFkfZyiYiaU2Ww3iFuKo4wHmBusz1uA==",
      "license": "MIT",
      "dependencies": {
        "@sentry/types": "7.120.3",
        "@sentry/utils": "7.120.3"
      },
      "engines": {
        "node": ">=8"
      }
    },
    "node_modules/@sentry/integrations": {
      "version": "7.120.3",
      "resolved": "https://registry.npmjs.org/@sentry/integrations/-/integrations-7.120.3.tgz",
      "integrity": "sha512-6i/lYp0BubHPDTg91/uxHvNui427df9r17SsIEXa2eKDwQ9gW2qRx5IWgvnxs2GV/GfSbwcx4swUB3RfEWrXrQ==",
      "license": "MIT",
      "dependencies": {
        "@sentry/core": "7.120.3",
        "@sentry/types": "7.120.3",
        "@sentry/utils": "7.120.3",
        "localforage": "^1.8.1"
      },
      "engines": {
        "node": ">=8"
      }
    },
    "node_modules/@sentry/node": {
      "version": "7.120.3",
      "resolved": "https://registry.npmjs.org/@sentry/node/-/node-7.120.3.tgz",
      "integrity": "sha512-t+QtekZedEfiZjbkRAk1QWJPnJlFBH/ti96tQhEq7wmlk3VszDXraZvLWZA0P2vXyglKzbWRGkT31aD3/kX+5Q==",
      "license": "MIT",
      "dependencies": {
        "@sentry-internal/tracing": "7.120.3",
        "@sentry/core": "7.120.3",
        "@sentry/integrations": "7.120.3",
        "@sentry/types": "7.120.3",
        "@sentry/utils": "7.120.3"
      },
      "engines": {
        "node": ">=8"
      }
    },
    "node_modules/@sentry/types": {
      "version": "7.120.3",
      "resolved": "https://registry.npmjs.org/@sentry/types/-/types-7.120.3.tgz",
      "integrity": "sha512-C4z+3kGWNFJ303FC+FxAd4KkHvxpNFYAFN8iMIgBwJdpIl25KZ8Q/VdGn0MLLUEHNLvjob0+wvwlcRBBNLXOow==",
      "license": "MIT",
      "engines": {
        "node": ">=8"
      }
    },
    "node_modules/@sentry/utils": {
      "version": "7.120.3",
      "resolved": "https://registry.npmjs.org/@sentry/utils/-/utils-7.120.3.tgz",
      "integrity": "sha512-UDAOQJtJDxZHQ5Nm1olycBIsz2wdGX8SdzyGVHmD8EOQYAeDZQyIlQYohDe9nazdIOQLZCIc3fU0G9gqVLkaGQ==",
      "license": "MIT",
      "dependencies": {
        "@sentry/types": "7.120.3"
      },
      "engines": {
        "node": ">=8"
      }
    },
    "node_modules/ansi-styles": {
      "version": "3.2.1",
      "resolved": "https://registry.npmjs.org/ansi-styles/-/ansi-styles-3.2.1.tgz",
      "integrity": "sha512-VT0ZI6kZRdTh8YyJw3SMbYm/u+NqfsAxEpWO0Pf9sq8/e94WxxOpPKx9FR1FlyCtOVDNOQ+8ntlqFxiRc+r5qA==",
      "dependencies": {
        "color-convert": "^1.9.0"
      },
      "engines": {
        "node": ">=4"
      }
    },
    "node_modules/chalk": {
      "version": "2.4.2",
      "resolved": "https://registry.npmjs.org/chalk/-/chalk-2.4.2.tgz",
      "integrity": "sha512-Mti+f9lpJNcwF4tWV8/OrTTtF1gZi+f8FqlyAdouralcFWFQWF2+NgCHShjkCb+IFBLq9buZwE1xckQU4peSuQ==",
      "dependencies": {
        "ansi-styles": "^3.2.1",
        "escape-string-regexp": "^1.0.5",
        "supports-color": "^5.3.0"
      },
      "engines": {
        "node": ">=4"
      }
    },
    "node_modules/chalk/node_modules/supports-color": {
      "version": "5.5.0",
      "resolved": "https://registry.npmjs.org/supports-color/-/supports-color-5.5.0.tgz",
      "integrity": "sha512-QjVjwdXIt408MIiAqCX4oUKsgU2EqAGzs2Ppkm4aQYbjm+ZEWEcW4SfFNTr4uMNZma0ey4f5lgLrkB0aX0QMow==",
      "dependencies": {
        "has-flag": "^3.0.0"
      },
      "engines": {
        "node": ">=4"
      }
    },
    "node_modules/color-convert": {
      "version": "1.9.3",
      "resolved": "https://registry.npmjs.org/color-convert/-/color-convert-1.9.3.tgz",
      "integrity": "sha512-QfAUtd+vFdAtFQcC8CCyYt1fYWxSqAiK2cSD6zDB8N3cpsEBAvRxp9zOGg6G/SHHJYAT88/az/IuDGALsNVbGg==",
      "dependencies": {
        "color-name": "1.1.3"
      }
    },
    "node_modules/color-name": {
      "version": "1.1.3",
      "resolved": "https://registry.npmjs.org/color-name/-/color-name-1.1.3.tgz",
      "integrity": "sha512-72fSenhMw2HZMTVHeCA9KCmpEIbzWiQsjN+BHcBbS9vr1mtt+vJjPdksIBNUmKAW8TFUDPJK5SUU3QhE9NEXDw=="
    },
    "node_modules/commander": {
      "version": "10.0.1",
      "resolved": "https://registry.npmjs.org/commander/-/commander-10.0.1.tgz",
      "integrity": "sha512-y4Mg2tXshplEbSGzx7amzPwKKOCGuoSRP/CjEdwwk0FOGlUbq6lKuoyDZTNZkmxHdJtp54hdfY/JUrdL7Xfdug==",
      "engines": {
        "node": ">=14"
      }
    },
    "node_modules/core-util-is": {
      "version": "1.0.3",
      "resolved": "https://registry.npmjs.org/core-util-is/-/core-util-is-1.0.3.tgz",
      "integrity": "sha512-ZQBvi1DcpJ4GDqanjucZ2Hj3wEO5pZDS89BWbkcrvdxksJorwUDDZamX9ldFkp9aw2lmBDLgkObEA4DWNJ9FYQ==",
      "license": "MIT"
    },
    "node_modules/escape-string-regexp": {
      "version": "1.0.5",
      "resolved": "https://registry.npmjs.org/escape-string-regexp/-/escape-string-regexp-1.0.5.tgz",
      "integrity": "sha512-vbRorB5FUQWvla16U8R/qgaFIya2qGzwDrNmCZuYKrbdSUMG6I1ZCGQRefkRVhuOkIGVne7BQ35DSfo1qvJqFg==",
      "engines": {
        "node": ">=0.8.0"
      }
    },
    "node_modules/has-flag": {
      "version": "3.0.0",
      "resolved": "https://registry.npmjs.org/has-flag/-/has-flag-3.0.0.tgz",
      "integrity": "sha512-sKJf1+ceQBr4SMkvQnBDNDtf4TXpVhVGateu0t918bl30FnbE2m4vNLX+VWe/dpjlb+HugGYzW7uQXH98HPEYw==",
      "engines": {
        "node": ">=4"
      }
    },
    "node_modules/immediate": {
      "version": "3.0.6",
      "resolved": "https://registry.npmjs.org/immediate/-/immediate-3.0.6.tgz",
      "integrity": "sha512-XXOFtyqDjNDAQxVfYxuF7g9Il/IbWmmlQg2MYKOH8ExIT1qg6xc4zyS3HaEEATgs1btfzxq15ciUiY7gjSXRGQ==",
      "license": "MIT"
    },
    "node_modules/inherits": {
      "version": "2.0.4",
      "resolved": "https://registry.npmjs.org/inherits/-/inherits-2.0.4.tgz",
      "integrity": "sha512-k/vGaX4/Yla3WzyMCvTQOXYeIHvqOKtnqBduzTHpzpQZzAskKMhZ2K+EnBiSM9zGSoIFeMpXKxa4dYeZIQqewQ==",
      "license": "ISC"
    },
    "node_modules/isarray": {
      "version": "1.0.0",
      "resolved": "https://registry.npmjs.org/isarray/-/isarray-1.0.0.tgz",
      "integrity": "sha512-VLghIWNM6ELQzo7zwmcg0NmTVyWKYjvIeM83yjp0wRDTmUnrM678fQbcKBo6n2CJEF0szoG//ytg+TKla89ALQ==",
      "license": "MIT"
    },
    "node_modules/jszip": {
      "version": "3.10.1",
      "resolved": "https://registry.npmjs.org/jszip/-/jszip-3.10.1.tgz",
      "integrity": "sha512-xXDvecyTpGLrqFrvkrUSoxxfJI5AH7U8zxxtVclpsUtMCq4JQ290LY8AW5c7Ggnr/Y/oK+bQMbqK2qmtk3pN4g==",
      "license": "(MIT OR GPL-3.0-or-later)",
      "dependencies": {
        "lie": "~3.3.0",
        "pako": "~1.0.2",
        "readable-stream": "~2.3.6",
        "setimmediate": "^1.0.5"
      }
    },
    "node_modules/lie": {
      "version": "3.3.0",
      "resolved": "https://registry.npmjs.org/lie/-/lie-3.3.0.tgz",
      "integrity": "sha512-UaiMJzeWRlEujzAuw5LokY1L5ecNQYZKfmyZ9L7wDHb/p5etKaxXhohBcrw0EYby+G/NA52vRSN4N39dxHAIwQ==",
      "license": "MIT",
      "dependencies": {
        "immediate": "~3.0.5"
      }
    },
    "node_modules/localforage": {
      "version": "1.10.0",
      "resolved": "https://registry.npmjs.org/localforage/-/localforage-1.10.0.tgz",
      "integrity": "sha512-14/H1aX7hzBBmmh7sGPd+AOMkkIrHM3Z1PAyGgZigA1H1p5O5ANnMyWzvpAETtG68/dC4pC0ncy3+PPGzXZHPg==",
      "license": "Apache-2.0",
      "dependencies": {
        "lie": "3.1.1"
      }
    },
    "node_modules/localforage/node_modules/lie": {
      "version": "3.1.1",
      "resolved": "https://registry.npmjs.org/lie/-/lie-3.1.1.tgz",
      "integrity": "sha512-RiNhHysUjhrDQntfYSfY4MU24coXXdEOgw9WGcKHNeEwffDYbF//u87M1EWaMGzuFoSbqW0C9C6lEEhDOAswfw==",
      "license": "MIT",
      "dependencies": {
        "immediate": "~3.0.5"
      }
    },
    "node_modules/marked": {
      "version": "7.0.5",
      "resolved": "https://registry.npmjs.org/marked/-/marked-7.0.5.tgz",
      "integrity": "sha512-lwNAFTfXgqpt/XvK17a/8wY9/q6fcSPZT1aP6QW0u74VwaJF/Z9KbRcX23sWE4tODM+AolJNcUtErTkgOeFP/Q==",
      "license": "MIT",
      "bin": {
        "marked": "bin/marked.js"
      },
      "engines": {
        "node": ">= 16"
      }
    },
    "node_modules/pako": {
      "version": "1.0.11",
      "resolved": "https://registry.npmjs.org/pako/-/pako-1.0.11.tgz",
      "integrity": "sha512-4hLB8Py4zZce5s4yd9XzopqwVv/yGNhV1Bl8NTmCq1763HeK2+EwVTv+leGeL13Dnh2wfbqowVPXCIO0z4taYw==",
      "license": "(MIT AND Zlib)"
    },
    "node_modules/process-nextick-args": {
      "version": "2.0.1",
      "resolved": "https://registry.npmjs.org/process-nextick-args/-/process-nextick-args-2.0.1.tgz",
      "integrity": "sha512-3ouUOpQhtgrbOa17J7+uxOTpITYWaGP7/AhoR3+A+/1e9skrzelGi/dXzEYyvbxubEF6Wn2ypscTKiKJFFn1ag==",
      "license": "MIT"
    },
    "node_modules/readable-stream": {
      "version": "2.3.8",
      "resolved": "https://registry.npmjs.org/readable-stream/-/readable-stream-2.3.8.tgz",
      "integrity": "sha512-8p0AUk4XODgIewSi0l8Epjs+EVnWiK7NoDIEGU0HhE7+ZyY8D1IMY7odu5lRrFXGg71L15KG8QrPmum45RTtdA==",
      "license": "MIT",
      "dependencies": {
        "core-util-is": "~1.0.0",
        "inherits": "~2.0.3",
        "isarray": "~1.0.0",
        "process-nextick-args": "~2.0.0",
        "safe-buffer": "~5.1.1",
        "string_decoder": "~1.1.1",
        "util-deprecate": "~1.0.1"
      }
    },
    "node_modules/restructure": {
      "version": "3.0.0",
      "resolved": "git+ssh://git@github.com/keymanapp/dependency-restructure.git#7a188a1e26f8f36a175d95b67ffece8702363dfc",
      "integrity": "sha512-8fnsPzbRwc78uoJbdoQIH6QbAFlI5reezVfmFkcaLB08ZyZevPyoK2aR/gg6ue4pYIqrshEi0f9cx6GB1qRSew==",
      "license": "MIT"
    },
    "node_modules/safe-buffer": {
      "version": "5.1.2",
      "resolved": "https://registry.npmjs.org/safe-buffer/-/safe-buffer-5.1.2.tgz",
      "integrity": "sha512-Gd2UZBJDkXlY7GbJxfsE8/nvKkUEU1G38c1siN6QP6a9PT9MmHB8GnpscSmMJSoF8LOIrt8ud/wPtojys4G6+g==",
      "license": "MIT"
    },
    "node_modules/sax": {
      "version": "1.4.1",
      "resolved": "https://registry.npmjs.org/sax/-/sax-1.4.1.tgz",
      "integrity": "sha512-+aWOz7yVScEGoKNd4PA10LZ8sk0A/z5+nXQG5giUO5rprX9jgYsTdov9qCchZiPIZezbZH+jRut8nPodFAX4Jg==",
      "license": "ISC"
    },
    "node_modules/semver": {
      "version": "7.6.3",
      "resolved": "https://registry.npmjs.org/semver/-/semver-7.6.3.tgz",
      "integrity": "sha512-oVekP1cKtI+CTDvHWYFUcMtsK/00wmAEfyqKfNdARm8u1wNVhSgaX7A8d4UuIlUI5e84iEwOhs7ZPYRmzU9U6A==",
      "license": "ISC",
      "bin": {
        "semver": "bin/semver.js"
      },
      "engines": {
        "node": ">=10"
      }
    },
    "node_modules/setimmediate": {
      "version": "1.0.5",
      "resolved": "https://registry.npmjs.org/setimmediate/-/setimmediate-1.0.5.tgz",
      "integrity": "sha512-MATJdZp8sLqDl/68LfQmbP8zKPLQNV6BIZoIgrscFDQ+RsvK/BxeDQOgyxKKoh0y/8h3BqVFnCqQ/gd+reiIXA==",
      "license": "MIT"
    },
    "node_modules/string_decoder": {
      "version": "1.1.1",
      "resolved": "https://registry.npmjs.org/string_decoder/-/string_decoder-1.1.1.tgz",
      "integrity": "sha512-n/ShnvDi6FHbbVfviro+WojiFzv+s8MPMHBczVePfUpDJLwoLT0ht1l4YwBCbi8pJAveEEdnkHyPyTP/mzRfwg==",
      "license": "MIT",
      "dependencies": {
        "safe-buffer": "~5.1.0"
      }
    },
    "node_modules/supports-color": {
      "version": "9.4.0",
      "resolved": "https://registry.npmjs.org/supports-color/-/supports-color-9.4.0.tgz",
      "integrity": "sha512-VL+lNrEoIXww1coLPOmiEmK/0sGigko5COxI09KzHc2VJXJsQ37UaQ+8quuxjDeA7+KnLGTWRyOXSLLR2Wb4jw==",
      "engines": {
        "node": ">=12"
      },
      "funding": {
        "url": "https://github.com/chalk/supports-color?sponsor=1"
      }
    },
    "node_modules/typescript": {
      "version": "4.9.5",
      "resolved": "https://registry.npmjs.org/typescript/-/typescript-4.9.5.tgz",
      "integrity": "sha512-1FXk9E2Hm+QzZQ7z+McJiHL4NW1F2EzMu9Nq9i3zAaGqibafqYwCVU6WyWAuyQRRzOlxou8xZSyXLEN8oKj24g==",
      "license": "Apache-2.0",
      "bin": {
        "tsc": "bin/tsc",
        "tsserver": "bin/tsserver"
      },
      "engines": {
        "node": ">=4.2.0"
      }
    },
    "node_modules/util-deprecate": {
      "version": "1.0.2",
      "resolved": "https://registry.npmjs.org/util-deprecate/-/util-deprecate-1.0.2.tgz",
      "integrity": "sha512-EPD5q1uXyFxJpCrLnCc1nHnq3gOa6DZBocAIiI2TaSCA7VCJ1UJDMagCzIkXNsUYfD1daK//LTEQ8xiIbrHtcw==",
      "license": "MIT"
    },
    "node_modules/xml2js": {
      "version": "0.4.23",
      "resolved": "git+ssh://git@github.com/keymanapp/dependency-node-xml2js.git#535fe732dc408d697e0f847c944cc45f0baf0829",
      "integrity": "sha512-IHudpUj5OPA+0eCLSJPoFE33zBUs3m5Z2DDOxdtBhbw07YIgh6niCd3ySnhmNEgcaWYiktRyTitE0K2a6ozodg==",
      "license": "MIT",
      "dependencies": {
        "sax": ">=0.6.0",
        "xmlbuilder": "~11.0.0"
      },
      "engines": {
        "node": ">=4.0.0"
      }
    },
    "node_modules/xmlbuilder": {
      "version": "11.0.1",
      "resolved": "https://registry.npmjs.org/xmlbuilder/-/xmlbuilder-11.0.1.tgz",
      "integrity": "sha512-fDlsI/kFEx7gLvbecc0/ohLG50fugQp8ryHzMTuW9vSa1GJ0XYWKnhsUx7oie3G98+r56aTQIUB4kht42R3JvA==",
      "license": "MIT",
      "engines": {
        "node": ">=4.0"
      }
    }
  }
}
