{
  "name": "keyboards",
  "version": "1.0.0",
  "lockfileVersion": 3,
  "requires": true,
  "packages": {
    "": {
      "name": "keyboards",
      "version": "1.0.0",
      "license": "MIT",
      "dependencies": {
        "@keymanapp/kmc": "17.0.325"
      }
    },
    "node_modules/@keymanapp/common-types": {
      "version": "17.0.325",
      "resolved": "https://registry.npmjs.org/@keymanapp/common-types/-/common-types-17.0.325.tgz",
      "integrity": "sha512-77KUn1SgLXjo0Vi4/5NRMmS3OtraPgjpaC7q5cHB/xcDpWYdM1OP+v1IsU4PLHsR9YqQpkboInH4WAImyk41qQ==",
      "dependencies": {
        "@keymanapp/keyman-version": "17.0.325",
        "restructure": "git+https://github.com/keymanapp/dependency-restructure.git#7a188a1e26f8f36a175d95b67ffece8702363dfc",
        "semver": "^7.5.2",
        "xml2js": "git+https://github.com/keymanapp/dependency-node-xml2js.git#535fe732dc408d697e0f847c944cc45f0baf0829"
      }
    },
    "node_modules/@keymanapp/developer-utils": {
      "version": "17.0.325",
      "resolved": "https://registry.npmjs.org/@keymanapp/developer-utils/-/developer-utils-17.0.325.tgz",
      "integrity": "sha512-yuCgSojt7vVLKY3866puQiMh0TzFQJIKWGziI2IE2l13zxWRqOmxEu5tIwPKNzPvjz6KLba0j1fcjc8Mfd/Dvg==",
      "dependencies": {
        "@sentry/node": "^7.57.0"
      }
    },
    "node_modules/@keymanapp/keyman-version": {
      "version": "17.0.325",
      "resolved": "https://registry.npmjs.org/@keymanapp/keyman-version/-/keyman-version-17.0.325.tgz",
      "integrity": "sha512-tkBbhuuW9AOXgxgn+zCE79lClPWxNzXoz+tX0EGA6+rbqZJB+qcJt4IPn00a7R+yLcwyZejKYAvHeEQUW8X2Lw=="
    },
    "node_modules/@keymanapp/kmc": {
      "version": "17.0.325",
      "resolved": "https://registry.npmjs.org/@keymanapp/kmc/-/kmc-17.0.325.tgz",
      "integrity": "sha512-mXfvbxp/7ou9tQpga05LDTa4Pd6DRnt2vWbaXih6D4xQ0OfhDhsjusPG+4s5bopLPA+FQ7a8qWcXlAbSNXF7hw==",
      "dependencies": {
        "@keymanapp/common-types": "17.0.325",
        "@keymanapp/developer-utils": "17.0.325",
        "@keymanapp/keyman-version": "17.0.325",
        "@keymanapp/kmc-analyze": "17.0.325",
        "@keymanapp/kmc-keyboard-info": "17.0.325",
        "@keymanapp/kmc-kmn": "17.0.325",
        "@keymanapp/kmc-ldml": "17.0.325",
        "@keymanapp/kmc-model": "17.0.325",
        "@keymanapp/kmc-model-info": "17.0.325",
        "@keymanapp/kmc-package": "17.0.325",
        "@keymanapp/models-types": "17.0.325",
        "@sentry/node": "^7.57.0",
        "chalk": "^2.4.2",
        "commander": "^10.0.0",
        "supports-color": "^9.4.0"
      },
      "bin": {
        "kmc": "build/src/kmc.js",
        "kmlmc": "build/src/kmlmc.js",
        "kmlmp": "build/src/kmlmp.js"
      }
    },
    "node_modules/@keymanapp/kmc-analyze": {
      "version": "17.0.325",
      "resolved": "https://registry.npmjs.org/@keymanapp/kmc-analyze/-/kmc-analyze-17.0.325.tgz",
      "integrity": "sha512-wemaX4q0eaRM41ognZcIHGoj/OlGV1Ar1Bs7vOjH/9mV3TU7PbOQ7qQp5i3hfMhMJJ2NSSex0eYSob4V+5qOdA==",
      "dependencies": {
        "@keymanapp/common-types": "17.0.325",
        "@keymanapp/developer-utils": "17.0.325",
        "@keymanapp/kmc-kmn": "17.0.325"
      }
    },
    "node_modules/@keymanapp/kmc-keyboard-info": {
      "version": "17.0.325",
      "resolved": "https://registry.npmjs.org/@keymanapp/kmc-keyboard-info/-/kmc-keyboard-info-17.0.325.tgz",
      "integrity": "sha512-U6PC76bfTNhSEkZkhKqMnaX6NID4oxJ7c05VVptqm/nUJMVPtKfyT0GWaV+q6s47/nM52Ckx/m+tgsHNnIWSAg==",
      "dependencies": {
        "@keymanapp/common-types": "17.0.325",
        "@keymanapp/developer-utils": "17.0.325",
        "@keymanapp/kmc-package": "17.0.325",
        "ttfmeta": "^1.1.2"
      }
    },
    "node_modules/@keymanapp/kmc-kmn": {
      "version": "17.0.325",
      "resolved": "https://registry.npmjs.org/@keymanapp/kmc-kmn/-/kmc-kmn-17.0.325.tgz",
      "integrity": "sha512-kb/TBF7JpWl8OnOWkCCc18ZDDev4TEpU04Nj69EXJMFnm1/hFH1I+w6koLLFkw1/pefvlbjy3IAsBOZ7gdrMtA==",
      "dependencies": {
        "@keymanapp/developer-utils": "17.0.325",
        "@keymanapp/keyman-version": "17.0.325",
        "@keymanapp/kmc-kmn": "17.0.325"
      }
    },
    "node_modules/@keymanapp/kmc-ldml": {
      "version": "17.0.325",
      "resolved": "https://registry.npmjs.org/@keymanapp/kmc-ldml/-/kmc-ldml-17.0.325.tgz",
      "integrity": "sha512-s9ihnOaNhzBNlTesgpKfTmwsMrv2oik/a5tfrcNf27lZBkkvkT2FNmucHcjyD/fm3bfa66zhcLQ2Uowi9wT9YQ==",
      "dependencies": {
        "@keymanapp/keyman-version": "17.0.325",
        "@keymanapp/kmc-kmn": "17.0.325",
        "@keymanapp/ldml-keyboard-constants": "17.0.325",
        "restructure": "git+https://github.com/keymanapp/dependency-restructure.git#7a188a1e26f8f36a175d95b67ffece8702363dfc",
        "semver": "^7.5.2"
      }
    },
    "node_modules/@keymanapp/kmc-model": {
      "version": "17.0.325",
      "resolved": "https://registry.npmjs.org/@keymanapp/kmc-model/-/kmc-model-17.0.325.tgz",
      "integrity": "sha512-l8sjh22kZZHZeRqi5ZyNtn31mv/2hrJPVA5TcqgB+59s4O3iP8ynxmHPE3H8kVdJv4o71of69xXmVcOLK2rHQA==",
      "dependencies": {
        "@keymanapp/common-types": "17.0.325",
        "@keymanapp/keyman-version": "17.0.325",
        "@keymanapp/models-types": "17.0.325",
        "typescript": "^4.9.5"
      }
    },
    "node_modules/@keymanapp/kmc-model-info": {
      "version": "17.0.325",
      "resolved": "https://registry.npmjs.org/@keymanapp/kmc-model-info/-/kmc-model-info-17.0.325.tgz",
      "integrity": "sha512-L+WST51fWrp5e4dJ3dm3LSeWidPpBPiQQSxJ8/GSwDo8N05d+9IGxAic9unPfgnAZapIp4hU84LGcqIZF/VQYA==",
      "dependencies": {
        "@keymanapp/common-types": "17.0.325",
        "@keymanapp/developer-utils": "17.0.325",
        "@keymanapp/models-types": "17.0.325"
      }
    },
    "node_modules/@keymanapp/kmc-package": {
      "version": "17.0.325",
      "resolved": "https://registry.npmjs.org/@keymanapp/kmc-package/-/kmc-package-17.0.325.tgz",
      "integrity": "sha512-uFNvvYBfXYPnUcAeHu6FRmTVzBHTFW/zuuS/Yer1H1X6a1XGknOTFqOSmzGgt47Nxa3GIOfWkTPjnbKajn7hkA==",
      "dependencies": {
        "@keymanapp/common-types": "17.0.325",
        "jszip": "^3.7.0",
        "marked": "^7.0.0",
        "xml2js": "git+https://github.com/keymanapp/dependency-node-xml2js.git#535fe732dc408d697e0f847c944cc45f0baf0829"
      }
    },
    "node_modules/@keymanapp/ldml-keyboard-constants": {
      "version": "17.0.325",
      "resolved": "https://registry.npmjs.org/@keymanapp/ldml-keyboard-constants/-/ldml-keyboard-constants-17.0.325.tgz",
      "integrity": "sha512-mVJBV7gtRCMlgU4qVEvPzgCHYz5VFgMbj2r67tH5uGFpila0OGbYTPlgKGftuE/aOpW6YdAh2j9w+ZE52SAKEA=="
    },
    "node_modules/@keymanapp/models-types": {
      "version": "17.0.325",
      "resolved": "https://registry.npmjs.org/@keymanapp/models-types/-/models-types-17.0.325.tgz",
      "integrity": "sha512-QA7Ht+NZ8oi+z8Y9f9rCLJJViQmbUlZCp1lToGvmkTiGtSOamNLFPvs0w7JI4dXYCB2FoZZjcxMMHnAlKMVaIg=="
    },
    "node_modules/@sentry-internal/tracing": {
      "version": "7.115.0",
      "resolved": "https://registry.npmjs.org/@sentry-internal/tracing/-/tracing-7.115.0.tgz",
      "integrity": "sha512-n1w3eJadvzkL4HebjtJGHre8Z9WbYpPw5GxSNI8ZFM+OTnhzzCAEcNL2C4tr7ssD2Lkao4+N3KaigJi54geOmg==",
      "dependencies": {
        "@sentry/core": "7.115.0",
        "@sentry/types": "7.115.0",
        "@sentry/utils": "7.115.0"
      },
      "engines": {
        "node": ">=8"
      }
    },
    "node_modules/@sentry/core": {
      "version": "7.115.0",
      "resolved": "https://registry.npmjs.org/@sentry/core/-/core-7.115.0.tgz",
      "integrity": "sha512-LSacE6rY/pJY4esXdLex5qVjo82DX6sQuvDLcEcR00bvRWGWMxSi2SipeW4RLbKmYyi0Ub+T+tUJxIOViyqyXw==",
      "dependencies": {
        "@sentry/types": "7.115.0",
        "@sentry/utils": "7.115.0"
      },
      "engines": {
        "node": ">=8"
      }
    },
    "node_modules/@sentry/integrations": {
      "version": "7.115.0",
      "resolved": "https://registry.npmjs.org/@sentry/integrations/-/integrations-7.115.0.tgz",
      "integrity": "sha512-0a75FIfG2mLPTmQ2QYFYoh3yvHqGT+D4SBAcsWVZEG24lNCiofSHnjffzIOXZX+2Spi1nY+cxIt9ItSyS2Z8VQ==",
      "dependencies": {
        "@sentry/core": "7.115.0",
        "@sentry/types": "7.115.0",
        "@sentry/utils": "7.115.0",
        "localforage": "^1.8.1"
      },
      "engines": {
        "node": ">=8"
      }
    },
    "node_modules/@sentry/node": {
      "version": "7.115.0",
      "resolved": "https://registry.npmjs.org/@sentry/node/-/node-7.115.0.tgz",
      "integrity": "sha512-Y8kiwHqiICLkraSTsm7O/MWkfakRXOjhwpv4f3f+5CmPIigW0YCMTQZ3sSX+NhnvDhdkmakWy3tH9CX8+T2Ykg==",
      "dependencies": {
        "@sentry-internal/tracing": "7.115.0",
        "@sentry/core": "7.115.0",
        "@sentry/integrations": "7.115.0",
        "@sentry/types": "7.115.0",
        "@sentry/utils": "7.115.0"
      },
      "engines": {
        "node": ">=8"
      }
    },
    "node_modules/@sentry/types": {
      "version": "7.115.0",
      "resolved": "https://registry.npmjs.org/@sentry/types/-/types-7.115.0.tgz",
      "integrity": "sha512-KbhDS0DX+lk9VFCCR4AwPdiU9KUAH+vI+5HBLlgCNMY7KRGxRLnpXi3VyGi80iRdt2gi8sg2ncsVhc+SunBx7w==",
      "engines": {
        "node": ">=8"
      }
    },
    "node_modules/@sentry/utils": {
      "version": "7.115.0",
      "resolved": "https://registry.npmjs.org/@sentry/utils/-/utils-7.115.0.tgz",
      "integrity": "sha512-MhrpHOMPwsjlXE3vnfFFyexneozPluaMCgL7MzH2iL0m7FxXG8A9CEe7W9sVG8hh1kw8ksYz1ryb2Mx2L+UTJA==",
      "dependencies": {
        "@sentry/types": "7.115.0"
      },
      "engines": {
        "node": ">=8"
      }
    },
    "node_modules/ansi-styles": {
      "version": "3.2.1",
      "resolved": "https://registry.npmjs.org/ansi-styles/-/ansi-styles-3.2.1.tgz",
      "integrity": "sha512-VT0ZI6kZRdTh8YyJw3SMbYm/u+NqfsAxEpWO0Pf9sq8/e94WxxOpPKx9FR1FlyCtOVDNOQ+8ntlqFxiRc+r5qA==",
      "dependencies": {
        "color-convert": "^1.9.0"
      },
      "engines": {
        "node": ">=4"
      }
    },
    "node_modules/chalk": {
      "version": "2.4.2",
      "resolved": "https://registry.npmjs.org/chalk/-/chalk-2.4.2.tgz",
      "integrity": "sha512-Mti+f9lpJNcwF4tWV8/OrTTtF1gZi+f8FqlyAdouralcFWFQWF2+NgCHShjkCb+IFBLq9buZwE1xckQU4peSuQ==",
      "dependencies": {
        "ansi-styles": "^3.2.1",
        "escape-string-regexp": "^1.0.5",
        "supports-color": "^5.3.0"
      },
      "engines": {
        "node": ">=4"
      }
    },
    "node_modules/chalk/node_modules/supports-color": {
      "version": "5.5.0",
      "resolved": "https://registry.npmjs.org/supports-color/-/supports-color-5.5.0.tgz",
      "integrity": "sha512-QjVjwdXIt408MIiAqCX4oUKsgU2EqAGzs2Ppkm4aQYbjm+ZEWEcW4SfFNTr4uMNZma0ey4f5lgLrkB0aX0QMow==",
      "dependencies": {
        "has-flag": "^3.0.0"
      },
      "engines": {
        "node": ">=4"
      }
    },
    "node_modules/color-convert": {
      "version": "1.9.3",
      "resolved": "https://registry.npmjs.org/color-convert/-/color-convert-1.9.3.tgz",
      "integrity": "sha512-QfAUtd+vFdAtFQcC8CCyYt1fYWxSqAiK2cSD6zDB8N3cpsEBAvRxp9zOGg6G/SHHJYAT88/az/IuDGALsNVbGg==",
      "dependencies": {
        "color-name": "1.1.3"
      }
    },
    "node_modules/color-name": {
      "version": "1.1.3",
      "resolved": "https://registry.npmjs.org/color-name/-/color-name-1.1.3.tgz",
      "integrity": "sha512-72fSenhMw2HZMTVHeCA9KCmpEIbzWiQsjN+BHcBbS9vr1mtt+vJjPdksIBNUmKAW8TFUDPJK5SUU3QhE9NEXDw=="
    },
    "node_modules/commander": {
      "version": "10.0.1",
      "resolved": "https://registry.npmjs.org/commander/-/commander-10.0.1.tgz",
      "integrity": "sha512-y4Mg2tXshplEbSGzx7amzPwKKOCGuoSRP/CjEdwwk0FOGlUbq6lKuoyDZTNZkmxHdJtp54hdfY/JUrdL7Xfdug==",
      "engines": {
        "node": ">=14"
      }
    },
    "node_modules/core-util-is": {
      "version": "1.0.3",
      "resolved": "https://registry.npmjs.org/core-util-is/-/core-util-is-1.0.3.tgz",
      "integrity": "sha512-ZQBvi1DcpJ4GDqanjucZ2Hj3wEO5pZDS89BWbkcrvdxksJorwUDDZamX9ldFkp9aw2lmBDLgkObEA4DWNJ9FYQ=="
    },
    "node_modules/escape-string-regexp": {
      "version": "1.0.5",
      "resolved": "https://registry.npmjs.org/escape-string-regexp/-/escape-string-regexp-1.0.5.tgz",
      "integrity": "sha512-vbRorB5FUQWvla16U8R/qgaFIya2qGzwDrNmCZuYKrbdSUMG6I1ZCGQRefkRVhuOkIGVne7BQ35DSfo1qvJqFg==",
      "engines": {
        "node": ">=0.8.0"
      }
    },
    "node_modules/has-flag": {
      "version": "3.0.0",
      "resolved": "https://registry.npmjs.org/has-flag/-/has-flag-3.0.0.tgz",
      "integrity": "sha512-sKJf1+ceQBr4SMkvQnBDNDtf4TXpVhVGateu0t918bl30FnbE2m4vNLX+VWe/dpjlb+HugGYzW7uQXH98HPEYw==",
      "engines": {
        "node": ">=4"
      }
    },
    "node_modules/immediate": {
      "version": "3.0.6",
      "resolved": "https://registry.npmjs.org/immediate/-/immediate-3.0.6.tgz",
      "integrity": "sha512-XXOFtyqDjNDAQxVfYxuF7g9Il/IbWmmlQg2MYKOH8ExIT1qg6xc4zyS3HaEEATgs1btfzxq15ciUiY7gjSXRGQ=="
    },
    "node_modules/inherits": {
      "version": "2.0.4",
      "resolved": "https://registry.npmjs.org/inherits/-/inherits-2.0.4.tgz",
      "integrity": "sha512-k/vGaX4/Yla3WzyMCvTQOXYeIHvqOKtnqBduzTHpzpQZzAskKMhZ2K+EnBiSM9zGSoIFeMpXKxa4dYeZIQqewQ=="
    },
    "node_modules/isarray": {
      "version": "1.0.0",
      "resolved": "https://registry.npmjs.org/isarray/-/isarray-1.0.0.tgz",
      "integrity": "sha512-VLghIWNM6ELQzo7zwmcg0NmTVyWKYjvIeM83yjp0wRDTmUnrM678fQbcKBo6n2CJEF0szoG//ytg+TKla89ALQ=="
    },
    "node_modules/jszip": {
      "version": "3.10.1",
      "resolved": "https://registry.npmjs.org/jszip/-/jszip-3.10.1.tgz",
      "integrity": "sha512-xXDvecyTpGLrqFrvkrUSoxxfJI5AH7U8zxxtVclpsUtMCq4JQ290LY8AW5c7Ggnr/Y/oK+bQMbqK2qmtk3pN4g==",
      "dependencies": {
        "lie": "~3.3.0",
        "pako": "~1.0.2",
        "readable-stream": "~2.3.6",
        "setimmediate": "^1.0.5"
      }
    },
    "node_modules/lie": {
      "version": "3.3.0",
      "resolved": "https://registry.npmjs.org/lie/-/lie-3.3.0.tgz",
      "integrity": "sha512-UaiMJzeWRlEujzAuw5LokY1L5ecNQYZKfmyZ9L7wDHb/p5etKaxXhohBcrw0EYby+G/NA52vRSN4N39dxHAIwQ==",
      "dependencies": {
        "immediate": "~3.0.5"
      }
    },
    "node_modules/localforage": {
      "version": "1.10.0",
      "resolved": "https://registry.npmjs.org/localforage/-/localforage-1.10.0.tgz",
      "integrity": "sha512-14/H1aX7hzBBmmh7sGPd+AOMkkIrHM3Z1PAyGgZigA1H1p5O5ANnMyWzvpAETtG68/dC4pC0ncy3+PPGzXZHPg==",
      "dependencies": {
        "lie": "3.1.1"
      }
    },
    "node_modules/localforage/node_modules/lie": {
      "version": "3.1.1",
      "resolved": "https://registry.npmjs.org/lie/-/lie-3.1.1.tgz",
      "integrity": "sha512-RiNhHysUjhrDQntfYSfY4MU24coXXdEOgw9WGcKHNeEwffDYbF//u87M1EWaMGzuFoSbqW0C9C6lEEhDOAswfw==",
      "dependencies": {
        "immediate": "~3.0.5"
      }
    },
    "node_modules/marked": {
      "version": "7.0.5",
      "resolved": "https://registry.npmjs.org/marked/-/marked-7.0.5.tgz",
      "integrity": "sha512-lwNAFTfXgqpt/XvK17a/8wY9/q6fcSPZT1aP6QW0u74VwaJF/Z9KbRcX23sWE4tODM+AolJNcUtErTkgOeFP/Q==",
      "bin": {
        "marked": "bin/marked.js"
      },
      "engines": {
        "node": ">= 16"
      }
    },
    "node_modules/pako": {
      "version": "1.0.11",
      "resolved": "https://registry.npmjs.org/pako/-/pako-1.0.11.tgz",
      "integrity": "sha512-4hLB8Py4zZce5s4yd9XzopqwVv/yGNhV1Bl8NTmCq1763HeK2+EwVTv+leGeL13Dnh2wfbqowVPXCIO0z4taYw=="
    },
    "node_modules/process-nextick-args": {
      "version": "2.0.1",
      "resolved": "https://registry.npmjs.org/process-nextick-args/-/process-nextick-args-2.0.1.tgz",
      "integrity": "sha512-3ouUOpQhtgrbOa17J7+uxOTpITYWaGP7/AhoR3+A+/1e9skrzelGi/dXzEYyvbxubEF6Wn2ypscTKiKJFFn1ag=="
    },
    "node_modules/readable-stream": {
      "version": "2.3.8",
      "resolved": "https://registry.npmjs.org/readable-stream/-/readable-stream-2.3.8.tgz",
      "integrity": "sha512-8p0AUk4XODgIewSi0l8Epjs+EVnWiK7NoDIEGU0HhE7+ZyY8D1IMY7odu5lRrFXGg71L15KG8QrPmum45RTtdA==",
      "dependencies": {
        "core-util-is": "~1.0.0",
        "inherits": "~2.0.3",
        "isarray": "~1.0.0",
        "process-nextick-args": "~2.0.0",
        "safe-buffer": "~5.1.1",
        "string_decoder": "~1.1.1",
        "util-deprecate": "~1.0.1"
      }
    },
    "node_modules/restructure": {
      "version": "3.0.0",
      "resolved": "git+ssh://git@github.com/keymanapp/dependency-restructure.git#7a188a1e26f8f36a175d95b67ffece8702363dfc",
      "integrity": "sha512-TxgE+TFgblOfmvJyv9TCzABfDo4nvNHeYD0+awQ5UoE/KhSuENJ1Uhc1rtegx8SbmvI3nqXFaHgnVATNcCOhXw==",
      "license": "MIT"
    },
    "node_modules/safe-buffer": {
      "version": "5.1.2",
      "resolved": "https://registry.npmjs.org/safe-buffer/-/safe-buffer-5.1.2.tgz",
      "integrity": "sha512-Gd2UZBJDkXlY7GbJxfsE8/nvKkUEU1G38c1siN6QP6a9PT9MmHB8GnpscSmMJSoF8LOIrt8ud/wPtojys4G6+g=="
    },
    "node_modules/sax": {
      "version": "1.3.0",
      "resolved": "https://registry.npmjs.org/sax/-/sax-1.3.0.tgz",
      "integrity": "sha512-0s+oAmw9zLl1V1cS9BtZN7JAd0cW5e0QH4W3LWEK6a4LaLEA2OTpGYWDY+6XasBLtz6wkm3u1xRw95mRuJ59WA=="
    },
    "node_modules/semver": {
      "version": "7.6.2",
      "resolved": "https://registry.npmjs.org/semver/-/semver-7.6.2.tgz",
      "integrity": "sha512-FNAIBWCx9qcRhoHcgcJ0gvU7SN1lYU2ZXuSfl04bSC5OpvDHFyJCjdNHomPXxjQlCBU67YW64PzY7/VIEH7F2w==",
      "bin": {
        "semver": "bin/semver.js"
      },
      "engines": {
        "node": ">=10"
      }
    },
    "node_modules/setimmediate": {
      "version": "1.0.5",
      "resolved": "https://registry.npmjs.org/setimmediate/-/setimmediate-1.0.5.tgz",
      "integrity": "sha512-MATJdZp8sLqDl/68LfQmbP8zKPLQNV6BIZoIgrscFDQ+RsvK/BxeDQOgyxKKoh0y/8h3BqVFnCqQ/gd+reiIXA=="
    },
    "node_modules/string_decoder": {
      "version": "1.1.1",
      "resolved": "https://registry.npmjs.org/string_decoder/-/string_decoder-1.1.1.tgz",
      "integrity": "sha512-n/ShnvDi6FHbbVfviro+WojiFzv+s8MPMHBczVePfUpDJLwoLT0ht1l4YwBCbi8pJAveEEdnkHyPyTP/mzRfwg==",
      "dependencies": {
        "safe-buffer": "~5.1.0"
      }
    },
    "node_modules/supports-color": {
      "version": "9.4.0",
      "resolved": "https://registry.npmjs.org/supports-color/-/supports-color-9.4.0.tgz",
      "integrity": "sha512-VL+lNrEoIXww1coLPOmiEmK/0sGigko5COxI09KzHc2VJXJsQ37UaQ+8quuxjDeA7+KnLGTWRyOXSLLR2Wb4jw==",
      "engines": {
        "node": ">=12"
      },
      "funding": {
        "url": "https://github.com/chalk/supports-color?sponsor=1"
      }
    },
    "node_modules/ttfmeta": {
      "version": "1.1.2",
      "resolved": "https://registry.npmjs.org/ttfmeta/-/ttfmeta-1.1.2.tgz",
      "integrity": "sha512-x0mKp7IkWjEa6CpI4/6HdCA3lzk8PaSBF5hubq03G2HyIzuDSdZRrO1dYgW4XD7q4sFdEWXSMYw7j0pzl4Ty6Q==",
      "engines": {
        "node": ">=16.0"
      }
    },
    "node_modules/typescript": {
      "version": "4.9.5",
      "resolved": "https://registry.npmjs.org/typescript/-/typescript-4.9.5.tgz",
      "integrity": "sha512-1FXk9E2Hm+QzZQ7z+McJiHL4NW1F2EzMu9Nq9i3zAaGqibafqYwCVU6WyWAuyQRRzOlxou8xZSyXLEN8oKj24g==",
      "bin": {
        "tsc": "bin/tsc",
        "tsserver": "bin/tsserver"
      },
      "engines": {
        "node": ">=4.2.0"
      }
    },
    "node_modules/util-deprecate": {
      "version": "1.0.2",
      "resolved": "https://registry.npmjs.org/util-deprecate/-/util-deprecate-1.0.2.tgz",
      "integrity": "sha512-EPD5q1uXyFxJpCrLnCc1nHnq3gOa6DZBocAIiI2TaSCA7VCJ1UJDMagCzIkXNsUYfD1daK//LTEQ8xiIbrHtcw=="
    },
    "node_modules/xml2js": {
      "version": "0.4.23",
      "resolved": "git+ssh://git@github.com/keymanapp/dependency-node-xml2js.git#535fe732dc408d697e0f847c944cc45f0baf0829",
      "integrity": "sha512-5CS+yWxp0qg8zO7ng/iXrBZm2FXgpiJ+RJ3E0LzRxDXChESqzazRwzl8sXYe8/7je/NfwG4EXcClaRKUkcIvtQ==",
      "license": "MIT",
      "dependencies": {
        "sax": ">=0.6.0",
        "xmlbuilder": "~11.0.0"
      },
      "engines": {
        "node": ">=4.0.0"
      }
    },
    "node_modules/xmlbuilder": {
      "version": "11.0.1",
      "resolved": "https://registry.npmjs.org/xmlbuilder/-/xmlbuilder-11.0.1.tgz",
      "integrity": "sha512-fDlsI/kFEx7gLvbecc0/ohLG50fugQp8ryHzMTuW9vSa1GJ0XYWKnhsUx7oie3G98+r56aTQIUB4kht42R3JvA==",
      "engines": {
        "node": ">=4.0"
      }
    }
  }
}
