{
  "name": "keyboards",
  "version": "1.0.0",
  "lockfileVersion": 3,
  "requires": true,
  "packages": {
    "": {
      "name": "keyboards",
      "version": "1.0.0",
      "license": "MIT",
      "dependencies": {
        "@keymanapp/kmc": "17.0.326"
      }
    },
    "node_modules/@keymanapp/common-types": {
      "version": "17.0.326",
      "resolved": "https://registry.npmjs.org/@keymanapp/common-types/-/common-types-17.0.326.tgz",
      "integrity": "sha512-6At2SOLv8O3032pJZHkeWAjZTeGavyHC7YYCtujraeRyL99RxtvbebZJxXrHp0hTE661lug9wyHKmxhfBXOnXw==",
      "dependencies": {
        "@keymanapp/keyman-version": "17.0.326",
        "restructure": "git+https://github.com/keymanapp/dependency-restructure.git#7a188a1e26f8f36a175d95b67ffece8702363dfc",
        "semver": "^7.5.2",
        "xml2js": "git+https://github.com/keymanapp/dependency-node-xml2js.git#535fe732dc408d697e0f847c944cc45f0baf0829"
      }
    },
    "node_modules/@keymanapp/developer-utils": {
      "version": "17.0.326",
      "resolved": "https://registry.npmjs.org/@keymanapp/developer-utils/-/developer-utils-17.0.326.tgz",
      "integrity": "sha512-tkmAdrKB7o1KysWXYzvMpGriKJvN1O++YBwy4f7UQ4xtO73k3O2MMdyDpMPBpOr4DaQ693fhCAfLSCsoboB29Q==",
      "dependencies": {
        "@sentry/node": "^7.57.0"
      }
    },
    "node_modules/@keymanapp/keyman-version": {
      "version": "17.0.326",
      "resolved": "https://registry.npmjs.org/@keymanapp/keyman-version/-/keyman-version-17.0.326.tgz",
      "integrity": "sha512-HUkedYMqzjcn/iiVy2SXty3X1JZ53gkZZzNNmHvgv9EUgvtLqEYEOfueNlKNezHiVD9teaZy2t/DafHr3I+97Q=="
    },
    "node_modules/@keymanapp/kmc": {
      "version": "17.0.326",
      "resolved": "https://registry.npmjs.org/@keymanapp/kmc/-/kmc-17.0.326.tgz",
      "integrity": "sha512-7oU6B+9hAetbN7BNMVaHv8QH94pzPrA3xhWaA5nYeJO8LH1DM2ohR7N1gANenveTWU2TFWp+tDgMkD58+gOCrQ==",
      "dependencies": {
        "@keymanapp/common-types": "17.0.326",
        "@keymanapp/developer-utils": "17.0.326",
        "@keymanapp/keyman-version": "17.0.326",
        "@keymanapp/kmc-analyze": "17.0.326",
        "@keymanapp/kmc-keyboard-info": "17.0.326",
        "@keymanapp/kmc-kmn": "17.0.326",
        "@keymanapp/kmc-ldml": "17.0.326",
        "@keymanapp/kmc-model": "17.0.326",
        "@keymanapp/kmc-model-info": "17.0.326",
        "@keymanapp/kmc-package": "17.0.326",
        "@keymanapp/models-types": "17.0.326",
        "@sentry/node": "^7.57.0",
        "chalk": "^2.4.2",
        "commander": "^10.0.0",
        "supports-color": "^9.4.0"
      },
      "bin": {
        "kmc": "build/src/kmc.js",
        "kmlmc": "build/src/kmlmc.js",
        "kmlmp": "build/src/kmlmp.js"
      }
    },
    "node_modules/@keymanapp/kmc-analyze": {
      "version": "17.0.326",
      "resolved": "https://registry.npmjs.org/@keymanapp/kmc-analyze/-/kmc-analyze-17.0.326.tgz",
      "integrity": "sha512-bOxzDUnT59k6Y2UsjSQvKnkN0yfNbUQrlFg8oy7GDdwtFd3pY0AS0Gt4kCAlK2hStYI25M/oaCGnPA8hbwUr8w==",
      "dependencies": {
        "@keymanapp/common-types": "17.0.326",
        "@keymanapp/developer-utils": "17.0.326",
        "@keymanapp/kmc-kmn": "17.0.326"
      }
    },
    "node_modules/@keymanapp/kmc-keyboard-info": {
      "version": "17.0.326",
      "resolved": "https://registry.npmjs.org/@keymanapp/kmc-keyboard-info/-/kmc-keyboard-info-17.0.326.tgz",
      "integrity": "sha512-RgaH0KQGMrgE6KFHOetbaZkft3UGw62klXfrjraiytI5sbICWFwCsvlNw/Rw9SXppxmRhn0Yt5Wv7e7AV2tROA==",
      "dependencies": {
        "@keymanapp/common-types": "17.0.326",
        "@keymanapp/developer-utils": "17.0.326",
        "@keymanapp/kmc-package": "17.0.326"
      }
    },
    "node_modules/@keymanapp/kmc-kmn": {
      "version": "17.0.326",
      "resolved": "https://registry.npmjs.org/@keymanapp/kmc-kmn/-/kmc-kmn-17.0.326.tgz",
      "integrity": "sha512-2m3E7Nj5C5mSbOkDfMX4vG6H5Sll4mlTsDYkvxy7k6tpvZBCEKrflT3pvZ4SH9IOPG1mj0OQMb7NAM2sh/Hkdw==",
      "dependencies": {
        "@keymanapp/developer-utils": "17.0.326",
        "@keymanapp/keyman-version": "17.0.326",
        "@keymanapp/kmc-kmn": "17.0.326"
      }
    },
    "node_modules/@keymanapp/kmc-ldml": {
      "version": "17.0.326",
      "resolved": "https://registry.npmjs.org/@keymanapp/kmc-ldml/-/kmc-ldml-17.0.326.tgz",
      "integrity": "sha512-CLZT5W8Zoe0taTOGcp3s0cukJ01Xz9wVlvRzSqGkXhhfcKTafp6+jxMSTPB4HycM6kklcGrWwQgozZdFbRhg3g==",
      "dependencies": {
        "@keymanapp/keyman-version": "17.0.326",
        "@keymanapp/kmc-kmn": "17.0.326",
        "@keymanapp/ldml-keyboard-constants": "17.0.326",
        "restructure": "git+https://github.com/keymanapp/dependency-restructure.git#7a188a1e26f8f36a175d95b67ffece8702363dfc",
        "semver": "^7.5.2"
      }
    },
    "node_modules/@keymanapp/kmc-model": {
      "version": "17.0.326",
      "resolved": "https://registry.npmjs.org/@keymanapp/kmc-model/-/kmc-model-17.0.326.tgz",
      "integrity": "sha512-RjtXfnEhd2GZhOnG1gOXtAbt+JSGPzOsRK3WmQ0ZZEnczwEq2B60pmqN+FN3VDwNQ6WR5bFcFcfDcrZ91RaPIA==",
      "dependencies": {
        "@keymanapp/common-types": "17.0.326",
        "@keymanapp/keyman-version": "17.0.326",
        "@keymanapp/models-types": "17.0.326",
        "typescript": "^4.9.5"
      }
    },
    "node_modules/@keymanapp/kmc-model-info": {
      "version": "17.0.326",
      "resolved": "https://registry.npmjs.org/@keymanapp/kmc-model-info/-/kmc-model-info-17.0.326.tgz",
      "integrity": "sha512-Dq/9lcvXPP2bzMTh8GGZ92ySBTIgsGX0bDSPOigUH8mX2UdHzhCK8rbJG5PpMEPeZptvBcb21vHzDPg+gc4Rbw==",
      "dependencies": {
        "@keymanapp/common-types": "17.0.326",
        "@keymanapp/developer-utils": "17.0.326",
        "@keymanapp/models-types": "17.0.326"
      }
    },
    "node_modules/@keymanapp/kmc-package": {
      "version": "17.0.326",
      "resolved": "https://registry.npmjs.org/@keymanapp/kmc-package/-/kmc-package-17.0.326.tgz",
      "integrity": "sha512-Le4H35bPNPR8dNY15zdBD+MsGWAZEiVb4Mo/I/p07zjCfsArIHVxZMNPaKbnX8nan6iF0/dxjV0XLs/2kBJxoQ==",
      "dependencies": {
        "@keymanapp/common-types": "17.0.326",
        "jszip": "^3.7.0",
        "marked": "^7.0.0",
        "xml2js": "git+https://github.com/keymanapp/dependency-node-xml2js.git#535fe732dc408d697e0f847c944cc45f0baf0829"
      }
    },
    "node_modules/@keymanapp/ldml-keyboard-constants": {
      "version": "17.0.326",
      "resolved": "https://registry.npmjs.org/@keymanapp/ldml-keyboard-constants/-/ldml-keyboard-constants-17.0.326.tgz",
      "integrity": "sha512-pLS7twSvlYcJib9zPJp7sr67cZZsKwH3OOAFhFl5KwOyP+ReuXuxMEsB8xAQskR90PZO+nKLt6Slm5dI4RFf/g=="
    },
    "node_modules/@keymanapp/models-types": {
      "version": "17.0.326",
      "resolved": "https://registry.npmjs.org/@keymanapp/models-types/-/models-types-17.0.326.tgz",
      "integrity": "sha512-0Cx5wlF5wIPcrtAOUMNIkEL2snwYOrNNDyvN+KmJp4uQqjBO2FCJUl1fDM4nTNebIvrtTAVFyjQN/Qpdb5cwUg=="
    },
    "node_modules/@sentry-internal/tracing": {
      "version": "7.116.0",
      "resolved": "https://registry.npmjs.org/@sentry-internal/tracing/-/tracing-7.116.0.tgz",
      "integrity": "sha512-y5ppEmoOlfr77c/HqsEXR72092qmGYS4QE5gSz5UZFn9CiinEwGfEorcg2xIrrCuU7Ry/ZU2VLz9q3xd04drRA==",
      "dependencies": {
        "@sentry/core": "7.116.0",
        "@sentry/types": "7.116.0",
        "@sentry/utils": "7.116.0"
      },
      "engines": {
        "node": ">=8"
      }
    },
    "node_modules/@sentry/core": {
      "version": "7.116.0",
      "resolved": "https://registry.npmjs.org/@sentry/core/-/core-7.116.0.tgz",
      "integrity": "sha512-J6Wmjjx+o7RwST0weTU1KaKUAlzbc8MGkJV1rcHM9xjNTWTva+nrcCM3vFBagnk2Gm/zhwv3h0PvWEqVyp3U1Q==",
      "dependencies": {
        "@sentry/types": "7.116.0",
        "@sentry/utils": "7.116.0"
      },
      "engines": {
        "node": ">=8"
      }
    },
    "node_modules/@sentry/integrations": {
      "version": "7.116.0",
      "resolved": "https://registry.npmjs.org/@sentry/integrations/-/integrations-7.116.0.tgz",
      "integrity": "sha512-UZb60gaF+7veh1Yv79RiGvgGYOnU6xA97H+hI6tKgc1uT20YpItO4X56Vhp0lvyEyUGFZzBRRH1jpMDPNGPkqw==",
      "dependencies": {
        "@sentry/core": "7.116.0",
        "@sentry/types": "7.116.0",
        "@sentry/utils": "7.116.0",
        "localforage": "^1.8.1"
      },
      "engines": {
        "node": ">=8"
      }
    },
    "node_modules/@sentry/node": {
      "version": "7.116.0",
      "resolved": "https://registry.npmjs.org/@sentry/node/-/node-7.116.0.tgz",
      "integrity": "sha512-HB/4TrJWbnu6swNzkid+MlwzLwY/D/klGt3R0aatgrgWPo2jJm6bSl4LUT39Cr2eg5I1gsREQtXE2mAlC6gm8w==",
      "dependencies": {
        "@sentry-internal/tracing": "7.116.0",
        "@sentry/core": "7.116.0",
        "@sentry/integrations": "7.116.0",
        "@sentry/types": "7.116.0",
        "@sentry/utils": "7.116.0"
      },
      "engines": {
        "node": ">=8"
      }
    },
    "node_modules/@sentry/types": {
      "version": "7.116.0",
      "resolved": "https://registry.npmjs.org/@sentry/types/-/types-7.116.0.tgz",
      "integrity": "sha512-QCCvG5QuQrwgKzV11lolNQPP2k67Q6HHD9vllZ/C4dkxkjoIym8Gy+1OgAN3wjsR0f/kG9o5iZyglgNpUVRapQ==",
      "engines": {
        "node": ">=8"
      }
    },
    "node_modules/@sentry/utils": {
      "version": "7.116.0",
      "resolved": "https://registry.npmjs.org/@sentry/utils/-/utils-7.116.0.tgz",
      "integrity": "sha512-Vn9fcvwTq91wJvCd7WTMWozimqMi+dEZ3ie3EICELC2diONcN16ADFdzn65CQQbYwmUzRjN9EjDN2k41pKZWhQ==",
      "dependencies": {
        "@sentry/types": "7.116.0"
      },
      "engines": {
        "node": ">=8"
      }
    },
    "node_modules/ansi-styles": {
      "version": "3.2.1",
      "resolved": "https://registry.npmjs.org/ansi-styles/-/ansi-styles-3.2.1.tgz",
      "integrity": "sha512-VT0ZI6kZRdTh8YyJw3SMbYm/u+NqfsAxEpWO0Pf9sq8/e94WxxOpPKx9FR1FlyCtOVDNOQ+8ntlqFxiRc+r5qA==",
      "dependencies": {
        "color-convert": "^1.9.0"
      },
      "engines": {
        "node": ">=4"
      }
    },
    "node_modules/chalk": {
      "version": "2.4.2",
      "resolved": "https://registry.npmjs.org/chalk/-/chalk-2.4.2.tgz",
      "integrity": "sha512-Mti+f9lpJNcwF4tWV8/OrTTtF1gZi+f8FqlyAdouralcFWFQWF2+NgCHShjkCb+IFBLq9buZwE1xckQU4peSuQ==",
      "dependencies": {
        "ansi-styles": "^3.2.1",
        "escape-string-regexp": "^1.0.5",
        "supports-color": "^5.3.0"
      },
      "engines": {
        "node": ">=4"
      }
    },
    "node_modules/chalk/node_modules/supports-color": {
      "version": "5.5.0",
      "resolved": "https://registry.npmjs.org/supports-color/-/supports-color-5.5.0.tgz",
      "integrity": "sha512-QjVjwdXIt408MIiAqCX4oUKsgU2EqAGzs2Ppkm4aQYbjm+ZEWEcW4SfFNTr4uMNZma0ey4f5lgLrkB0aX0QMow==",
      "dependencies": {
        "has-flag": "^3.0.0"
      },
      "engines": {
        "node": ">=4"
      }
    },
    "node_modules/color-convert": {
      "version": "1.9.3",
      "resolved": "https://registry.npmjs.org/color-convert/-/color-convert-1.9.3.tgz",
      "integrity": "sha512-QfAUtd+vFdAtFQcC8CCyYt1fYWxSqAiK2cSD6zDB8N3cpsEBAvRxp9zOGg6G/SHHJYAT88/az/IuDGALsNVbGg==",
      "dependencies": {
        "color-name": "1.1.3"
      }
    },
    "node_modules/color-name": {
      "version": "1.1.3",
      "resolved": "https://registry.npmjs.org/color-name/-/color-name-1.1.3.tgz",
      "integrity": "sha512-72fSenhMw2HZMTVHeCA9KCmpEIbzWiQsjN+BHcBbS9vr1mtt+vJjPdksIBNUmKAW8TFUDPJK5SUU3QhE9NEXDw=="
    },
    "node_modules/commander": {
      "version": "10.0.1",
      "resolved": "https://registry.npmjs.org/commander/-/commander-10.0.1.tgz",
      "integrity": "sha512-y4Mg2tXshplEbSGzx7amzPwKKOCGuoSRP/CjEdwwk0FOGlUbq6lKuoyDZTNZkmxHdJtp54hdfY/JUrdL7Xfdug==",
      "engines": {
        "node": ">=14"
      }
    },
    "node_modules/core-util-is": {
      "version": "1.0.3",
      "resolved": "https://registry.npmjs.org/core-util-is/-/core-util-is-1.0.3.tgz",
      "integrity": "sha512-ZQBvi1DcpJ4GDqanjucZ2Hj3wEO5pZDS89BWbkcrvdxksJorwUDDZamX9ldFkp9aw2lmBDLgkObEA4DWNJ9FYQ=="
    },
    "node_modules/escape-string-regexp": {
      "version": "1.0.5",
      "resolved": "https://registry.npmjs.org/escape-string-regexp/-/escape-string-regexp-1.0.5.tgz",
      "integrity": "sha512-vbRorB5FUQWvla16U8R/qgaFIya2qGzwDrNmCZuYKrbdSUMG6I1ZCGQRefkRVhuOkIGVne7BQ35DSfo1qvJqFg==",
      "engines": {
        "node": ">=0.8.0"
      }
    },
    "node_modules/has-flag": {
      "version": "3.0.0",
      "resolved": "https://registry.npmjs.org/has-flag/-/has-flag-3.0.0.tgz",
      "integrity": "sha512-sKJf1+ceQBr4SMkvQnBDNDtf4TXpVhVGateu0t918bl30FnbE2m4vNLX+VWe/dpjlb+HugGYzW7uQXH98HPEYw==",
      "engines": {
        "node": ">=4"
      }
    },
    "node_modules/immediate": {
      "version": "3.0.6",
      "resolved": "https://registry.npmjs.org/immediate/-/immediate-3.0.6.tgz",
      "integrity": "sha512-XXOFtyqDjNDAQxVfYxuF7g9Il/IbWmmlQg2MYKOH8ExIT1qg6xc4zyS3HaEEATgs1btfzxq15ciUiY7gjSXRGQ=="
    },
    "node_modules/inherits": {
      "version": "2.0.4",
      "resolved": "https://registry.npmjs.org/inherits/-/inherits-2.0.4.tgz",
      "integrity": "sha512-k/vGaX4/Yla3WzyMCvTQOXYeIHvqOKtnqBduzTHpzpQZzAskKMhZ2K+EnBiSM9zGSoIFeMpXKxa4dYeZIQqewQ=="
    },
    "node_modules/isarray": {
      "version": "1.0.0",
      "resolved": "https://registry.npmjs.org/isarray/-/isarray-1.0.0.tgz",
      "integrity": "sha512-VLghIWNM6ELQzo7zwmcg0NmTVyWKYjvIeM83yjp0wRDTmUnrM678fQbcKBo6n2CJEF0szoG//ytg+TKla89ALQ=="
    },
    "node_modules/jszip": {
      "version": "3.10.1",
      "resolved": "https://registry.npmjs.org/jszip/-/jszip-3.10.1.tgz",
      "integrity": "sha512-xXDvecyTpGLrqFrvkrUSoxxfJI5AH7U8zxxtVclpsUtMCq4JQ290LY8AW5c7Ggnr/Y/oK+bQMbqK2qmtk3pN4g==",
      "dependencies": {
        "lie": "~3.3.0",
        "pako": "~1.0.2",
        "readable-stream": "~2.3.6",
        "setimmediate": "^1.0.5"
      }
    },
    "node_modules/lie": {
      "version": "3.3.0",
      "resolved": "https://registry.npmjs.org/lie/-/lie-3.3.0.tgz",
      "integrity": "sha512-UaiMJzeWRlEujzAuw5LokY1L5ecNQYZKfmyZ9L7wDHb/p5etKaxXhohBcrw0EYby+G/NA52vRSN4N39dxHAIwQ==",
      "dependencies": {
        "immediate": "~3.0.5"
      }
    },
    "node_modules/localforage": {
      "version": "1.10.0",
      "resolved": "https://registry.npmjs.org/localforage/-/localforage-1.10.0.tgz",
      "integrity": "sha512-14/H1aX7hzBBmmh7sGPd+AOMkkIrHM3Z1PAyGgZigA1H1p5O5ANnMyWzvpAETtG68/dC4pC0ncy3+PPGzXZHPg==",
      "dependencies": {
        "lie": "3.1.1"
      }
    },
    "node_modules/localforage/node_modules/lie": {
      "version": "3.1.1",
      "resolved": "https://registry.npmjs.org/lie/-/lie-3.1.1.tgz",
      "integrity": "sha512-RiNhHysUjhrDQntfYSfY4MU24coXXdEOgw9WGcKHNeEwffDYbF//u87M1EWaMGzuFoSbqW0C9C6lEEhDOAswfw==",
      "dependencies": {
        "immediate": "~3.0.5"
      }
    },
    "node_modules/marked": {
      "version": "7.0.5",
      "resolved": "https://registry.npmjs.org/marked/-/marked-7.0.5.tgz",
      "integrity": "sha512-lwNAFTfXgqpt/XvK17a/8wY9/q6fcSPZT1aP6QW0u74VwaJF/Z9KbRcX23sWE4tODM+AolJNcUtErTkgOeFP/Q==",
      "bin": {
        "marked": "bin/marked.js"
      },
      "engines": {
        "node": ">= 16"
      }
    },
    "node_modules/pako": {
      "version": "1.0.11",
      "resolved": "https://registry.npmjs.org/pako/-/pako-1.0.11.tgz",
      "integrity": "sha512-4hLB8Py4zZce5s4yd9XzopqwVv/yGNhV1Bl8NTmCq1763HeK2+EwVTv+leGeL13Dnh2wfbqowVPXCIO0z4taYw=="
    },
    "node_modules/process-nextick-args": {
      "version": "2.0.1",
      "resolved": "https://registry.npmjs.org/process-nextick-args/-/process-nextick-args-2.0.1.tgz",
      "integrity": "sha512-3ouUOpQhtgrbOa17J7+uxOTpITYWaGP7/AhoR3+A+/1e9skrzelGi/dXzEYyvbxubEF6Wn2ypscTKiKJFFn1ag=="
    },
    "node_modules/readable-stream": {
      "version": "2.3.8",
      "resolved": "https://registry.npmjs.org/readable-stream/-/readable-stream-2.3.8.tgz",
      "integrity": "sha512-8p0AUk4XODgIewSi0l8Epjs+EVnWiK7NoDIEGU0HhE7+ZyY8D1IMY7odu5lRrFXGg71L15KG8QrPmum45RTtdA==",
      "dependencies": {
        "core-util-is": "~1.0.0",
        "inherits": "~2.0.3",
        "isarray": "~1.0.0",
        "process-nextick-args": "~2.0.0",
        "safe-buffer": "~5.1.1",
        "string_decoder": "~1.1.1",
        "util-deprecate": "~1.0.1"
      }
    },
    "node_modules/restructure": {
      "version": "3.0.0",
      "resolved": "git+ssh://git@github.com/keymanapp/dependency-restructure.git#7a188a1e26f8f36a175d95b67ffece8702363dfc",
      "integrity": "sha512-8fnsPzbRwc78uoJbdoQIH6QbAFlI5reezVfmFkcaLB08ZyZevPyoK2aR/gg6ue4pYIqrshEi0f9cx6GB1qRSew=="
    },
    "node_modules/safe-buffer": {
      "version": "5.1.2",
      "resolved": "https://registry.npmjs.org/safe-buffer/-/safe-buffer-5.1.2.tgz",
      "integrity": "sha512-Gd2UZBJDkXlY7GbJxfsE8/nvKkUEU1G38c1siN6QP6a9PT9MmHB8GnpscSmMJSoF8LOIrt8ud/wPtojys4G6+g=="
    },
    "node_modules/sax": {
      "version": "1.4.1",
      "resolved": "https://registry.npmjs.org/sax/-/sax-1.4.1.tgz",
      "integrity": "sha512-+aWOz7yVScEGoKNd4PA10LZ8sk0A/z5+nXQG5giUO5rprX9jgYsTdov9qCchZiPIZezbZH+jRut8nPodFAX4Jg=="
    },
    "node_modules/semver": {
      "version": "7.6.2",
      "resolved": "https://registry.npmjs.org/semver/-/semver-7.6.2.tgz",
      "integrity": "sha512-FNAIBWCx9qcRhoHcgcJ0gvU7SN1lYU2ZXuSfl04bSC5OpvDHFyJCjdNHomPXxjQlCBU67YW64PzY7/VIEH7F2w==",
      "bin": {
        "semver": "bin/semver.js"
      },
      "engines": {
        "node": ">=10"
      }
    },
    "node_modules/setimmediate": {
      "version": "1.0.5",
      "resolved": "https://registry.npmjs.org/setimmediate/-/setimmediate-1.0.5.tgz",
      "integrity": "sha512-MATJdZp8sLqDl/68LfQmbP8zKPLQNV6BIZoIgrscFDQ+RsvK/BxeDQOgyxKKoh0y/8h3BqVFnCqQ/gd+reiIXA=="
    },
    "node_modules/string_decoder": {
      "version": "1.1.1",
      "resolved": "https://registry.npmjs.org/string_decoder/-/string_decoder-1.1.1.tgz",
      "integrity": "sha512-n/ShnvDi6FHbbVfviro+WojiFzv+s8MPMHBczVePfUpDJLwoLT0ht1l4YwBCbi8pJAveEEdnkHyPyTP/mzRfwg==",
      "dependencies": {
        "safe-buffer": "~5.1.0"
      }
    },
    "node_modules/supports-color": {
      "version": "9.4.0",
      "resolved": "https://registry.npmjs.org/supports-color/-/supports-color-9.4.0.tgz",
      "integrity": "sha512-VL+lNrEoIXww1coLPOmiEmK/0sGigko5COxI09KzHc2VJXJsQ37UaQ+8quuxjDeA7+KnLGTWRyOXSLLR2Wb4jw==",
      "engines": {
        "node": ">=12"
      },
      "funding": {
        "url": "https://github.com/chalk/supports-color?sponsor=1"
      }
    },
    "node_modules/typescript": {
      "version": "4.9.5",
      "resolved": "https://registry.npmjs.org/typescript/-/typescript-4.9.5.tgz",
      "integrity": "sha512-1FXk9E2Hm+QzZQ7z+McJiHL4NW1F2EzMu9Nq9i3zAaGqibafqYwCVU6WyWAuyQRRzOlxou8xZSyXLEN8oKj24g==",
      "bin": {
        "tsc": "bin/tsc",
        "tsserver": "bin/tsserver"
      },
      "engines": {
        "node": ">=4.2.0"
      }
    },
    "node_modules/util-deprecate": {
      "version": "1.0.2",
      "resolved": "https://registry.npmjs.org/util-deprecate/-/util-deprecate-1.0.2.tgz",
      "integrity": "sha512-EPD5q1uXyFxJpCrLnCc1nHnq3gOa6DZBocAIiI2TaSCA7VCJ1UJDMagCzIkXNsUYfD1daK//LTEQ8xiIbrHtcw=="
    },
    "node_modules/xml2js": {
      "version": "0.4.23",
      "resolved": "git+ssh://git@github.com/keymanapp/dependency-node-xml2js.git#535fe732dc408d697e0f847c944cc45f0baf0829",
      "integrity": "sha512-IHudpUj5OPA+0eCLSJPoFE33zBUs3m5Z2DDOxdtBhbw07YIgh6niCd3ySnhmNEgcaWYiktRyTitE0K2a6ozodg==",
      "dependencies": {
        "sax": ">=0.6.0",
        "xmlbuilder": "~11.0.0"
      },
      "engines": {
        "node": ">=4.0.0"
      }
    },
    "node_modules/xmlbuilder": {
      "version": "11.0.1",
      "resolved": "https://registry.npmjs.org/xmlbuilder/-/xmlbuilder-11.0.1.tgz",
      "integrity": "sha512-fDlsI/kFEx7gLvbecc0/ohLG50fugQp8ryHzMTuW9vSa1GJ0XYWKnhsUx7oie3G98+r56aTQIUB4kht42R3JvA==",
      "engines": {
        "node": ">=4.0"
      }
    }
  }
}
