<?xml version="1.0" encoding="utf-8"?>
<Project ToolsVersion="4.0" xmlns="http://schemas.microsoft.com/developer/msbuild/2003">
  <ItemGroup>
    <Filter Include="Source Files">
      <UniqueIdentifier>{f4392622-ece5-41a9-a789-52cb0cde2de8}</UniqueIdentifier>
      <Extensions>cpp;c;cxx;rc;def;r;odl;idl;hpj;bat</Extensions>
    </Filter>
    <Filter Include="Header Files">
      <UniqueIdentifier>{7105faa7-0424-40f3-ae5e-ae3a9d5f4115}</UniqueIdentifier>
      <Extensions>h;hpp;hxx;hm;inl</Extensions>
    </Filter>
    <Filter Include="Resource Files">
      <UniqueIdentifier>{15f7159a-5116-4def-8889-aa7d3f31b9c6}</UniqueIdentifier>
      <Extensions>ico;cur;bmp;dlg;rc2;rct;bin;rgs;gif;jpg;jpeg;jpe</Extensions>
    </Filter>
  </ItemGroup>
  <ItemGroup>
    <ClCompile Include="imxlib.cpp">
      <Filter>Source Files</Filter>
    </ClCompile>
    <ClCompile Include="KeymanIMX.cpp">
      <Filter>Source Files</Filter>
    </ClCompile>
    <ClCompile Include="crc32.cpp">
      <Filter>Source Files</Filter>
    </ClCompile>
  </ItemGroup>
  <ItemGroup>
    <None Include="KeymanIMX.def">
      <Filter>Source Files</Filter>
    </None>
    <None Include="bitmap3.bmp">
      <Filter>Resource Files</Filter>
    </None>
    <None Include="Direction_H.bmp">
      <Filter>Resource Files</Filter>
    </None>
    <None Include="Direction_V.bmp">
      <Filter>Resource Files</Filter>
    </None>
    <None Include="down0.bmp">
      <Filter>Resource Files</Filter>
    </None>
    <None Include="down1.bmp">
      <Filter>Resource Files</Filter>
    </None>
    <None Include="horizont.bmp">
      <Filter>Resource Files</Filter>
    </None>
    <None Include="Key.bmp">
      <Filter>Resource Files</Filter>
    </None>
    <None Include="KeymanIMX.bmp">
      <Filter>Resource Files</Filter>
    </None>
    <None Include="km Logo1.bmp">
      <Filter>Resource Files</Filter>
    </None>
    <None Include="left2.bmp">
      <Filter>Resource Files</Filter>
    </None>
    <None Include="right0.bmp">
      <Filter>Resource Files</Filter>
    </None>
    <None Include="right1.bmp">
      <Filter>Resource Files</Filter>
    </None>
    <None Include="T_green.bmp">
      <Filter>Resource Files</Filter>
    </None>
    <None Include="T_red.bmp">
      <Filter>Resource Files</Filter>
    </None>
    <None Include="T_yellow.bmp">
      <Filter>Resource Files</Filter>
    </None>
    <None Include="up0.bmp">
      <Filter>Resource Files</Filter>
    </None>
    <None Include="up1.bmp">
      <Filter>Resource Files</Filter>
    </None>
    <None Include="vertical.bmp">
      <Filter>Resource Files</Filter>
    </None>
  </ItemGroup>
  <ItemGroup>
    <ClInclude Include="imxlib.h">
      <Filter>Header Files</Filter>
    </ClInclude>
    <ClInclude Include="keymanimx.h">
      <Filter>Header Files</Filter>
    </ClInclude>
  </ItemGroup>
  <ItemGroup>
    <ResourceCompile Include="KeymanIMX.rc">
      <Filter>Resource Files</Filter>
    </ResourceCompile>
  </ItemGroup>
</Project>