
Microsoft Visual Studio Solution File, Format Version 12.00
# Visual Studio Version 16
VisualStudioVersion = 16.0.31313.79
MinimumVisualStudioVersion = 10.0.40219.1
Project("{8BC9CEB8-8B4A-11D0-8D11-00A0C91BC942}") = "KeymanIMX", "keymanimx\KeymanIMX.vcxproj", "{F00D56AD-FFA9-4012-95D4-4ED8FA00DDEC}"
EndProject
Project("{8BC9CEB8-8B4A-11D0-8D11-00A0C91BC942}") = "imxconfig", "imxconfig\imxconfig.vcxproj", "{4F2ED8DE-8B20-46E4-96F5-F8DD0BF26504}"
EndProject
Project("{8BC9CEB8-8B4A-11D0-8D11-00A0C91BC942}") = "imxreload", "imxreload\imxreload.vcxproj", "{838D3D6C-F6E5-461E-ABF1-DC7053AC77D2}"
EndProject
Global
	GlobalSection(SolutionConfigurationPlatforms) = preSolution
		Debug|Win32 = Debug|Win32
		Debug|x64 = Debug|x64
		Release|Win32 = Release|Win32
		Release|x64 = Release|x64
	EndGlobalSection
	GlobalSection(ProjectConfigurationPlatforms) = postSolution
		{F00D56AD-FFA9-4012-95D4-4ED8FA00DDEC}.Debug|Win32.ActiveCfg = Debug|Win32
		{F00D56AD-FFA9-4012-95D4-4ED8FA00DDEC}.Debug|Win32.Build.0 = Debug|Win32
		{F00D56AD-FFA9-4012-95D4-4ED8FA00DDEC}.Debug|x64.ActiveCfg = Debug|x64
		{F00D56AD-FFA9-4012-95D4-4ED8FA00DDEC}.Debug|x64.Build.0 = Debug|x64
		{F00D56AD-FFA9-4012-95D4-4ED8FA00DDEC}.Release|Win32.ActiveCfg = Release|Win32
		{F00D56AD-FFA9-4012-95D4-4ED8FA00DDEC}.Release|Win32.Build.0 = Release|Win32
		{F00D56AD-FFA9-4012-95D4-4ED8FA00DDEC}.Release|x64.ActiveCfg = Release|x64
		{F00D56AD-FFA9-4012-95D4-4ED8FA00DDEC}.Release|x64.Build.0 = Release|x64
		{4F2ED8DE-8B20-46E4-96F5-F8DD0BF26504}.Debug|Win32.ActiveCfg = Debug|Win32
		{4F2ED8DE-8B20-46E4-96F5-F8DD0BF26504}.Debug|Win32.Build.0 = Debug|Win32
		{4F2ED8DE-8B20-46E4-96F5-F8DD0BF26504}.Debug|x64.ActiveCfg = Debug|x64
		{4F2ED8DE-8B20-46E4-96F5-F8DD0BF26504}.Debug|x64.Build.0 = Debug|x64
		{4F2ED8DE-8B20-46E4-96F5-F8DD0BF26504}.Release|Win32.ActiveCfg = Release|Win32
		{4F2ED8DE-8B20-46E4-96F5-F8DD0BF26504}.Release|Win32.Build.0 = Release|Win32
		{4F2ED8DE-8B20-46E4-96F5-F8DD0BF26504}.Release|x64.ActiveCfg = Release|x64
		{4F2ED8DE-8B20-46E4-96F5-F8DD0BF26504}.Release|x64.Build.0 = Release|x64
		{838D3D6C-F6E5-461E-ABF1-DC7053AC77D2}.Debug|Win32.ActiveCfg = Debug|Win32
		{838D3D6C-F6E5-461E-ABF1-DC7053AC77D2}.Debug|Win32.Build.0 = Debug|Win32
		{838D3D6C-F6E5-461E-ABF1-DC7053AC77D2}.Debug|x64.ActiveCfg = Debug|x64
		{838D3D6C-F6E5-461E-ABF1-DC7053AC77D2}.Debug|x64.Build.0 = Debug|x64
		{838D3D6C-F6E5-461E-ABF1-DC7053AC77D2}.Release|Win32.ActiveCfg = Release|Win32
		{838D3D6C-F6E5-461E-ABF1-DC7053AC77D2}.Release|Win32.Build.0 = Release|Win32
		{838D3D6C-F6E5-461E-ABF1-DC7053AC77D2}.Release|x64.ActiveCfg = Release|x64
		{838D3D6C-F6E5-461E-ABF1-DC7053AC77D2}.Release|x64.Build.0 = Release|x64
	EndGlobalSection
	GlobalSection(SolutionProperties) = preSolution
		HideSolutionNode = FALSE
	EndGlobalSection
	GlobalSection(ExtensibilityGlobals) = postSolution
		SolutionGuid = {A5469622-41A5-4208-B8F8-B7DD2821F94E}
	EndGlobalSection
EndGlobal
